
Microsoft Visual Studio Solution File, Format Version 12.00
# Visual Studio Version 17
VisualStudioVersion = 17.9.34607.119
MinimumVisualStudioVersion = 10.0.40219.1
Project("{FAE04EC0-301F-11D3-BF4B-00C04F79EFBC}") = "SimpleConsoleApp", "SimpleConsoleApp.csproj", "{95D4F527-0D02-4363-92BA-5B68A8E147BA}"
EndProject
Global
	GlobalSection(SolutionConfigurationPlatforms) = preSolution
		Debug|Any CPU = Debug|Any CPU
		Release|Any CPU = Release|Any CPU
	EndGlobalSection
	GlobalSection(ProjectConfigurationPlatforms) = postSolution
		{95D4F527-0D02-4363-92BA-5B68A8E147BA}.Debug|Any CPU.ActiveCfg = Debug|Any CPU
		{95D4F527-0D02-4363-92BA-5B68A8E147BA}.Debug|Any CPU.Build.0 = Debug|Any CPU
		{95D4F527-0D02-4363-92BA-5B68A8E147BA}.Release|Any CPU.ActiveCfg = Release|Any CPU
		{95D4F527-0D02-4363-92BA-5B68A8E147BA}.Release|Any CPU.Build.0 = Release|Any CPU
	EndGlobalSection
	GlobalSection(SolutionProperties) = preSolution
		HideSolutionNode = FALSE
	EndGlobalSection
	GlobalSection(ExtensibilityGlobals) = postSolution
		SolutionGuid = {B04C0421-82ED-4C31-AD60-F605A8B1BC28}
	EndGlobalSection
EndGlobal
