
Microsoft Visual Studio Solution File, Format Version 12.00
# Visual Studio Version 17
VisualStudioVersion = 17.9.34622.214
MinimumVisualStudioVersion = 10.0.40219.1
Project("{FAE04EC0-301F-11D3-BF4B-00C04F79EFBC}") = "Ref_Keyword_App", "Ref_Keyword_App.csproj", "{7D79608D-08CF-402E-A6EF-D930E245E482}"
EndProject
Global
	GlobalSection(SolutionConfigurationPlatforms) = preSolution
		Debug|Any CPU = Debug|Any CPU
		Release|Any CPU = Release|Any CPU
	EndGlobalSection
	GlobalSection(ProjectConfigurationPlatforms) = postSolution
		{7D79608D-08CF-402E-A6EF-D930E245E482}.Debug|Any CPU.ActiveCfg = Debug|Any CPU
		{7D79608D-08CF-402E-A6EF-D930E245E482}.Debug|Any CPU.Build.0 = Debug|Any CPU
		{7D79608D-08CF-402E-A6EF-D930E245E482}.Release|Any CPU.ActiveCfg = Release|Any CPU
		{7D79608D-08CF-402E-A6EF-D930E245E482}.Release|Any CPU.Build.0 = Release|Any CPU
	EndGlobalSection
	GlobalSection(SolutionProperties) = preSolution
		HideSolutionNode = FALSE
	EndGlobalSection
	GlobalSection(ExtensibilityGlobals) = postSolution
		SolutionGuid = {7B0B50E6-3C9F-4AB2-B61E-724AF62CFF1C}
	EndGlobalSection
EndGlobal
